<?xml version="1.0" encoding="utf-8"?>
<Project ToolsVersion="4.0" xmlns="http://schemas.microsoft.com/developer/msbuild/2003">
  <ItemGroup>
    <Filter Include="include">
      <UniqueIdentifier>{99ff9a1c-f9ee-4f3f-92e5-47218a4eaa78}</UniqueIdentifier>
    </Filter>
    <Filter Include="source">
      <UniqueIdentifier>{e74ca24b-945c-4c35-8235-35eac1c1e797}</UniqueIdentifier>
    </Filter>
    <Filter Include="include\Graphics">
      <UniqueIdentifier>{dbb6e3e3-252a-4003-ad67-95eae7b16677}</UniqueIdentifier>
    </Filter>
    <Filter Include="include\System">
      <UniqueIdentifier>{f1328578-049e-4664-b88d-90b708de675d}</UniqueIdentifier>
    </Filter>
    <Filter Include="source\External">
      <UniqueIdentifier>{567119c5-a539-4e6f-bf7e-5f7e62c31002}</UniqueIdentifier>
    </Filter>
    <Filter Include="source\System">
      <UniqueIdentifier>{743c9456-fa61-4d04-82d2-8df565ca8446}</UniqueIdentifier>
    </Filter>
    <Filter Include="source\System\Win32">
      <UniqueIdentifier>{0ffa632c-a458-4344-8709-bbf81d0beafe}</UniqueIdentifier>
    </Filter>
    <Filter Include="source\Graphics">
      <UniqueIdentifier>{9ec66ec2-1ce0-499a-a0a8-b3f4da1d3e24}</UniqueIdentifier>
    </Filter>
    <Filter Include="include\Utility">
      <UniqueIdentifier>{b0be9db8-4a2b-459b-a5d1-0d3f5f27e7a2}</UniqueIdentifier>
    </Filter>
    <Filter Include="include\GUI">
      <UniqueIdentifier>{6c2d04e0-eaee-445c-bcbb-8cfd72678cca}</UniqueIdentifier>
    </Filter>
  </ItemGroup>
  <ItemGroup>
    <ClCompile Include="$(MSBuildThisFileDirectory)..\..\..\Cider\source\CiderShared.cpp">
      <Filter>source</Filter>
    </ClCompile>
    <ClCompile Include="$(MSBuildThisFileDirectory)..\..\..\Cider\source\Cider.cpp">
      <Filter>source</Filter>
    </ClCompile>
    <ClCompile Include="$(MSBuildThisFileDirectory)..\..\..\Cider\source\External\dlmalloc.cpp">
      <Filter>source\External</Filter>
    </ClCompile>
    <ClCompile Include="$(MSBuildThisFileDirectory)..\..\..\Cider\source\System\Win32\Log_Win32.cpp">
      <Filter>source\System\Win32</Filter>
    </ClCompile>
    <ClCompile Include="$(MSBuildThisFileDirectory)..\..\..\Cider\source\System\Win32\StackTrace_Win32.cpp">
      <Filter>source\System\Win32</Filter>
    </ClCompile>
    <ClCompile Include="$(MSBuildThisFileDirectory)..\..\..\Cider\source\System\Memory.cpp">
      <Filter>source\System</Filter>
    </ClCompile>
    <ClCompile Include="$(MSBuildThisFileDirectory)..\..\..\Cider\source\System\Assert.cpp">
      <Filter>source\System</Filter>
    </ClCompile>
  </ItemGroup>
  <ItemGroup>
    <ClInclude Include="$(MSBuildThisFileDirectory)..\..\..\Cider\include\Cider.hpp">
      <Filter>include</Filter>
    </ClInclude>
    <ClInclude Include="$(MSBuildThisFileDirectory)..\..\..\Cider\include\Graphics.hpp">
      <Filter>include</Filter>
    </ClInclude>
    <ClInclude Include="$(MSBuildThisFileDirectory)..\..\..\Cider\include\System\Memory.hpp">
      <Filter>include\System</Filter>
    </ClInclude>
    <ClInclude Include="$(MSBuildThisFileDirectory)..\..\..\Cider\include\System\StackTrace.hpp">
      <Filter>include\System</Filter>
    </ClInclude>
    <ClInclude Include="$(MSBuildThisFileDirectory)..\..\..\Cider\include\System\Api.hpp">
      <Filter>include\System</Filter>
    </ClInclude>
    <ClInclude Include="$(MSBuildThisFileDirectory)..\..\..\Cider\include\System\Log.hpp">
      <Filter>include\System</Filter>
    </ClInclude>
    <ClInclude Include="$(MSBuildThisFileDirectory)..\..\..\Cider\include\System\Types.hpp">
      <Filter>include\System</Filter>
    </ClInclude>
    <ClInclude Include="$(MSBuildThisFileDirectory)..\..\..\Cider\include\System.hpp">
      <Filter>include</Filter>
    </ClInclude>
    <ClInclude Include="$(MSBuildThisFileDirectory)..\..\..\Cider\source\System\Win32\Win32Prerequisites.hpp">
      <Filter>source\System\Win32</Filter>
    </ClInclude>
    <ClInclude Include="$(MSBuildThisFileDirectory)..\..\..\Cider\include\System\STL.hpp">
      <Filter>include\System</Filter>
    </ClInclude>
    <ClInclude Include="$(MSBuildThisFileDirectory)..\..\..\Cider\include\System\Assert.hpp">
      <Filter>include\System</Filter>
    </ClInclude>
    <ClInclude Include="$(MSBuildThisFileDirectory)..\..\..\Cider\include\CiderShared.hpp">
      <Filter>include</Filter>
    </ClInclude>
    <ClInclude Include="$(MSBuildThisFileDirectory)..\..\..\Cider\include\System\DebugBreak.hpp">
      <Filter>include\System</Filter>
    </ClInclude>
    <ClInclude Include="$(MSBuildThisFileDirectory)..\..\..\Cider\include\System\Event.hpp">
      <Filter>include\System</Filter>
    </ClInclude>
    <ClInclude Include="$(MSBuildThisFileDirectory)..\..\..\Cider\include\System\KeyCode.hpp">
      <Filter>include\System</Filter>
    </ClInclude>
    <ClInclude Include="$(MSBuildThisFileDirectory)..\..\..\Cider\include\System\Signals.hpp">
      <Filter>include\System</Filter>
    </ClInclude>
    <ClInclude Include="$(MSBuildThisFileDirectory)..\..\..\Cider\include\GUI\Window.hpp">
      <Filter>include\GUI</Filter>
    </ClInclude>
  </ItemGroup>
</Project>